// !$*UTF8*$!
{
	archiveVersion = 1;
	classes = {
	};
	objectVersion = 46;
	objects = {
/* Begin PBXBuildFile section */
		0207DA581B56EA530066E2B4 /* Images.xcassets in Resources */ = {isa = PBXBuildFile; fileRef = 0207DA571B56EA530066E2B4 /* Images.xcassets */; };
		1D3623260D0F684500981E51 /* AppDelegate.m in Sources */ = {isa = PBXBuildFile; fileRef = 1D3623250D0F684500981E51 /* AppDelegate.m */; };
		1D60589B0D05DD56006BFB54 /* main.m in Sources */ = {isa = PBXBuildFile; fileRef = 29B97316FDCFA39411CA2CEA /* main.m */; };
		301BF552109A68D80062928A /* libCordova.a in Frameworks */ = {isa = PBXBuildFile; fileRef = 301BF535109A57CC0062928A /* libCordova.a */; };
		302D95F114D2391D003F00A1 /* MainViewController.m in Sources */ = {isa = PBXBuildFile; fileRef = 302D95EF14D2391D003F00A1 /* MainViewController.m */; };
		302D95F214D2391D003F00A1 /* MainViewController.xib in Resources */ = {isa = PBXBuildFile; fileRef = 302D95F014D2391D003F00A1 /* MainViewController.xib */; };
		3047A5121AB8059700498E2A /* build-debug.xcconfig in Resources */ = {isa = PBXBuildFile; fileRef = 3047A50F1AB8059700498E2A /* build-debug.xcconfig */; };
		3047A5131AB8059700498E2A /* build-release.xcconfig in Resources */ = {isa = PBXBuildFile; fileRef = 3047A5101AB8059700498E2A /* build-release.xcconfig */; };
		3047A5141AB8059700498E2A /* build.xcconfig in Resources */ = {isa = PBXBuildFile; fileRef = 3047A5111AB8059700498E2A /* build.xcconfig */; };
		2F3F7EF11704483C83943FF8 /* CDVBattery.m in Sources */ = {isa = PBXBuildFile; fileRef = AD9716479E264A889367038D /* CDVBattery.m */; };
		AFCDBA86D00243C9A799EBDF /* UIImage+CropScaleOrientation.m in Sources */ = {isa = PBXBuildFile; fileRef = 987D6F3CDB0B45328701E46E /* UIImage+CropScaleOrientation.m */; };
		6D919143FD9E481DA10770BB /* CDVCamera.m in Sources */ = {isa = PBXBuildFile; fileRef = C023F6356856495EA32DCA51 /* CDVCamera.m */; };
		2B54D3ED0F3943D7ACAC7D92 /* CDVJpegHeaderWriter.m in Sources */ = {isa = PBXBuildFile; fileRef = 33AF34C3B9EA45DCB1B02CF0 /* CDVJpegHeaderWriter.m */; };
		44440EC84AD54EFD846E2394 /* ImageIO.framework in Frameworks */ = {isa = PBXBuildFile; fileRef = FE62BABBC49D45A7B8A9E0C6 /* ImageIO.framework */; settings = {ATTRIBUTES = (Weak, ); }; };
		528294BC3DFF4C199CB73324 /* CoreLocation.framework in Frameworks */ = {isa = PBXBuildFile; fileRef = 1F3EF0EB1E3445A69245E766 /* CoreLocation.framework */; };
		A2B359AF23A74E0ABDA07376 /* AVFoundation.framework in Frameworks */ = {isa = PBXBuildFile; fileRef = 686D502420514D4C8E7B1B54 /* AVFoundation.framework */; };
		375C7D9FC1194237B45F8268 /* CDVFile.m in Sources */ = {isa = PBXBuildFile; fileRef = 291B4CE2B53B4D409C631D7A /* CDVFile.m */; };
		C6A0021A73944089B01B49FF /* CDVLocalFilesystem.m in Sources */ = {isa = PBXBuildFile; fileRef = 69434CCEE7E24692A3D1C514 /* CDVLocalFilesystem.m */; };
		521B614524AC45398696A1E2 /* CDVAssetLibraryFilesystem.m in Sources */ = {isa = PBXBuildFile; fileRef = FEBE8B40F8004CFEAF01512C /* CDVAssetLibraryFilesystem.m */; };
		0459706C3FBC4C5DB4F0E76A /* CDVCapture.m in Sources */ = {isa = PBXBuildFile; fileRef = E6D58AE4E5C94E50A3A3E50E /* CDVCapture.m */; };
		01AC84DFACD14D65B2D15A25 /* CDVCapture.bundle in Resources */ = {isa = PBXBuildFile; fileRef = 4965982799C74F289DE9B111 /* CDVCapture.bundle */; };
		35231272DD004EA98AF80093 /* CDVLogger.m in Sources */ = {isa = PBXBuildFile; fileRef = 519AAD89C9CE41B7A14C15B3 /* CDVLogger.m */; };
		0E871CA75F2A4FB8A54AE92F /* CDVContacts.m in Sources */ = {isa = PBXBuildFile; fileRef = 0DA542215CC14051BF0B33FF /* CDVContacts.m */; };
		50761A0524044E8899A12850 /* CDVContact.m in Sources */ = {isa = PBXBuildFile; fileRef = 4DDF3DEED61B4357866A9631 /* CDVContact.m */; };
		8CC1FE6B2B0D48C6B7E51DCB /* AddressBook.framework in Frameworks */ = {isa = PBXBuildFile; fileRef = D4C5CD1FA5624C19B1996171 /* AddressBook.framework */; settings = {ATTRIBUTES = (Weak, ); }; };
		1BD0568241ED4FD9808FCA19 /* AddressBookUI.framework in Frameworks */ = {isa = PBXBuildFile; fileRef = 7B892D0DD26740AD8375A243 /* AddressBookUI.framework */; settings = {ATTRIBUTES = (Weak, ); }; };
		12062174C3084DB9AA495067 /* CDVDevice.m in Sources */ = {isa = PBXBuildFile; fileRef = 4EBCE7EA2B504992A25CDDAF /* CDVDevice.m */; };
		353DAB6F38104192A77BD196 /* CDVAccelerometer.m in Sources */ = {isa = PBXBuildFile; fileRef = FF17D369E509444AB30CA024 /* CDVAccelerometer.m */; };
		75430268CFF442248C39A461 /* CoreMotion.framework in Frameworks */ = {isa = PBXBuildFile; fileRef = FCF844506C734CE499A5BEA7 /* CoreMotion.framework */; };
		8F97647751AA4EA387D7BAEE /* CDVCompass.m in Sources */ = {isa = PBXBuildFile; fileRef = F3C024FF968A448A8271F845 /* CDVCompass.m */; };
		4B3E302910B743F8B5F72163 /* CDVNotification.m in Sources */ = {isa = PBXBuildFile; fileRef = C81ABBDCFF1B410DA9F3312B /* CDVNotification.m */; };
		07FDB9239BB3418890D767B7 /* CDVNotification.bundle in Resources */ = {isa = PBXBuildFile; fileRef = 41969F0BCF8A40BBB2247B3D /* CDVNotification.bundle */; };
		10430BA520764B3FBCF42776 /* AudioToolbox.framework in Frameworks */ = {isa = PBXBuildFile; fileRef = B22757B0B478443B85383B15 /* AudioToolbox.framework */; settings = {ATTRIBUTES = (Weak, ); }; };
		476009B53DA44E62B126A0FA /* CDVFileTransfer.m in Sources */ = {isa = PBXBuildFile; fileRef = 0B44BC7C21E7463DA853354A /* CDVFileTransfer.m */; };
		019279E4B4B343E683672B79 /* CDVLocation.m in Sources */ = {isa = PBXBuildFile; fileRef = 34D230A456AD4C038F640EE3 /* CDVLocation.m */; };
		C1E4C4FE7F074BD98B786AD0 /* CDVGlobalization.m in Sources */ = {isa = PBXBuildFile; fileRef = D9C32F413B854BCCABCBC43F /* CDVGlobalization.m */; };
		1A1F961586284FC9895F9D86 /* CDVInAppBrowser.m in Sources */ = {isa = PBXBuildFile; fileRef = C289C30F691E485BA796772F /* CDVInAppBrowser.m */; };
		96BB97765725464C868386E1 /* CDVSound.m in Sources */ = {isa = PBXBuildFile; fileRef = D9FCA316989546739052B9E0 /* CDVSound.m */; };
		C92E6A745A3F4AD493E1987F /* CDVConnection.m in Sources */ = {isa = PBXBuildFile; fileRef = 2EC24D10266D4328ADBAFC2F /* CDVConnection.m */; };
		FCE5071F451142609EA4C32B /* CDVReachability.m in Sources */ = {isa = PBXBuildFile; fileRef = 7E9D0600362D40B499269A3E /* CDVReachability.m */; };
		4865F7F7CAC64BB8931D765E /* SystemConfiguration.framework in Frameworks */ = {isa = PBXBuildFile; fileRef = 8546E92A65FF40458F86B5EB /* SystemConfiguration.framework */; settings = {ATTRIBUTES = (Weak, ); }; };
		43CE5BB1515942DB8A23C3F8 /* CoreTelephony.framework in Frameworks */ = {isa = PBXBuildFile; fileRef = D778622044034E9FAF2B7DB8 /* CoreTelephony.framework */; };
		74E195427A9746188EDD2F1F /* CDVSplashScreen.m in Sources */ = {isa = PBXBuildFile; fileRef = 246299F744AB4CE0BDDAABF5 /* CDVSplashScreen.m */; };
		1FA5DACB499B472D907E3592 /* CDVViewController+SplashScreen.m in Sources */ = {isa = PBXBuildFile; fileRef = 4CAA2232506F4DA89D22C080 /* CDVViewController+SplashScreen.m */; };
		489747E66E924BFCBF27CB84 /* CDVStatusBar.m in Sources */ = {isa = PBXBuildFile; fileRef = 85C47E7120FB4720998E2FF8 /* CDVStatusBar.m */; };
		6EA625068DD54772B193E895 /* CDVVibration.m in Sources */ = {isa = PBXBuildFile; fileRef = B87F6B8A231B471BBD0925D4 /* CDVVibration.m */; };
		529B91F57A41406089749996 /* CDVPhonegapBuildOauth.m in Sources */ = {isa = PBXBuildFile; fileRef = 525DDBFE5AD04D1989F34E9F /* CDVPhonegapBuildOauth.m */; };
/* End PBXBuildFile section */

/* Begin PBXContainerItemProxy section */
		301BF534109A57CC0062928A /* PBXContainerItemProxy */ = {
			isa = PBXContainerItemProxy;
			containerPortal = 301BF52D109A57CC0062928A /* CordovaLib.xcodeproj */;
			proxyType = 2;
			remoteGlobalIDString = D2AAC07E0554694100DB518D;
			remoteInfo = CordovaLib;
		};
		301BF550109A68C00062928A /* PBXContainerItemProxy */ = {
			isa = PBXContainerItemProxy;
			containerPortal = 301BF52D109A57CC0062928A /* CordovaLib.xcodeproj */;
			proxyType = 1;
			remoteGlobalIDString = D2AAC07D0554694100DB518D;
			remoteInfo = CordovaLib;
		};
/* End PBXContainerItemProxy section */

/* Begin PBXFileReference section */
		0207DA571B56EA530066E2B4 /* Images.xcassets */ = {isa = PBXFileReference; lastKnownFileType = folder.assetcatalog; name = Images.xcassets; path = "PhoneGap Build/Images.xcassets"; sourceTree = SOURCE_ROOT; };
		1D3623240D0F684500981E51 /* AppDelegate.h */ = {isa = PBXFileReference; fileEncoding = 4; lastKnownFileType = sourcecode.c.h; path = AppDelegate.h; sourceTree = "<group>"; };
		1D3623250D0F684500981E51 /* AppDelegate.m */ = {isa = PBXFileReference; fileEncoding = 4; lastKnownFileType = sourcecode.c.objc; path = AppDelegate.m; sourceTree = "<group>"; };
		1D6058910D05DD3D006BFB54 /* PhoneGap Build.app */ = {isa = PBXFileReference; explicitFileType = wrapper.application; includeInIndex = 0; path = "PhoneGap Build.app"; sourceTree = BUILT_PRODUCTS_DIR; };
		29B97316FDCFA39411CA2CEA /* main.m */ = {isa = PBXFileReference; fileEncoding = 4; lastKnownFileType = sourcecode.c.objc; path = main.m; sourceTree = "<group>"; };
		301BF52D109A57CC0062928A /* CordovaLib.xcodeproj */ = {isa = PBXFileReference; lastKnownFileType = "wrapper.pb-project"; name = CordovaLib.xcodeproj; path = CordovaLib/CordovaLib.xcodeproj; sourceTree = "<group>"; };
		301BF56E109A69640062928A /* www */ = {isa = PBXFileReference; lastKnownFileType = folder; path = www; sourceTree = SOURCE_ROOT; };
		302D95EE14D2391D003F00A1 /* MainViewController.h */ = {isa = PBXFileReference; fileEncoding = 4; lastKnownFileType = sourcecode.c.h; path = MainViewController.h; sourceTree = "<group>"; };
		302D95EF14D2391D003F00A1 /* MainViewController.m */ = {isa = PBXFileReference; fileEncoding = 4; lastKnownFileType = sourcecode.c.objc; path = MainViewController.m; sourceTree = "<group>"; };
		302D95F014D2391D003F00A1 /* MainViewController.xib */ = {isa = PBXFileReference; fileEncoding = 4; lastKnownFileType = file.xib; path = MainViewController.xib; sourceTree = "<group>"; };
		3047A50F1AB8059700498E2A /* build-debug.xcconfig */ = {isa = PBXFileReference; fileEncoding = 4; lastKnownFileType = text.xcconfig; name = "build-debug.xcconfig"; path = cordova/build-debug.xcconfig; sourceTree = SOURCE_ROOT; };
		3047A5101AB8059700498E2A /* build-release.xcconfig */ = {isa = PBXFileReference; fileEncoding = 4; lastKnownFileType = text.xcconfig; name = "build-release.xcconfig"; path = cordova/build-release.xcconfig; sourceTree = SOURCE_ROOT; };
		3047A5111AB8059700498E2A /* build.xcconfig */ = {isa = PBXFileReference; fileEncoding = 4; lastKnownFileType = text.xcconfig; name = build.xcconfig; path = cordova/build.xcconfig; sourceTree = SOURCE_ROOT; };
		32CA4F630368D1EE00C91783 /* PhoneGap Build-Prefix.pch */ = {isa = PBXFileReference; fileEncoding = 4; lastKnownFileType = sourcecode.c.h; path = "PhoneGap Build-Prefix.pch"; sourceTree = "<group>"; };
		8D1107310486CEB800E47090 /* PhoneGap Build-Info.plist */ = {isa = PBXFileReference; fileEncoding = 4; lastKnownFileType = text.plist.xml; name = "PhoneGap Build-Info.plist"; path = "PhoneGap Build/PhoneGap Build-Info.plist"; plistStructureDefinitionIdentifier = "com.apple.xcode.plist.structure-definition.iphone.info-plist"; sourceTree = SOURCE_ROOT; };
		EB87FDF31871DA8E0020F90C /* www */ = {isa = PBXFileReference; lastKnownFileType = folder; name = www; path = ../../www; sourceTree = "<group>"; };
		EB87FDF41871DAF40020F90C /* config.xml */ = {isa = PBXFileReference; lastKnownFileType = text.xml; name = config.xml; path = ../../config.xml; sourceTree = "<group>"; };
		F840E1F0165FE0F500CFE078 /* config.xml */ = {isa = PBXFileReference; lastKnownFileType = text.xml; name = config.xml; path = "PhoneGap Build/config.xml"; sourceTree = "<group>"; };
		ED33DF2A687741AEAF9F8254 /* Bridging-Header.h */ = {isa = PBXFileReference; fileEncoding = 4; lastKnownFileType = sourcecode.c.h; name = "Bridging-Header.h"; path = "Bridging-Header.h"; sourceTree = "<group>"; };
		AD9716479E264A889367038D /* CDVBattery.m */ = {isa = PBXFileReference; name = "CDVBattery.m"; path = "cordova-plugin-battery-status/CDVBattery.m"; sourceTree = "<group>"; fileEncoding = 4; lastKnownFileType = sourcecode.c.objc; explicitFileType = undefined; includeInIndex = 0; };
		52219E9D66D246C580E2526D /* CDVBattery.h */ = {isa = PBXFileReference; name = "CDVBattery.h"; path = "cordova-plugin-battery-status/CDVBattery.h"; sourceTree = "<group>"; fileEncoding = 4; lastKnownFileType = sourcecode.c.h; explicitFileType = undefined; includeInIndex = 0; };
		987D6F3CDB0B45328701E46E /* UIImage+CropScaleOrientation.m */ = {isa = PBXFileReference; name = "UIImage+CropScaleOrientation.m"; path = "cordova-plugin-camera/UIImage+CropScaleOrientation.m"; sourceTree = "<group>"; fileEncoding = 4; lastKnownFileType = sourcecode.c.objc; explicitFileType = undefined; includeInIndex = 0; };
		C023F6356856495EA32DCA51 /* CDVCamera.m */ = {isa = PBXFileReference; name = "CDVCamera.m"; path = "cordova-plugin-camera/CDVCamera.m"; sourceTree = "<group>"; fileEncoding = 4; lastKnownFileType = sourcecode.c.objc; explicitFileType = undefined; includeInIndex = 0; };
		33AF34C3B9EA45DCB1B02CF0 /* CDVJpegHeaderWriter.m */ = {isa = PBXFileReference; name = "CDVJpegHeaderWriter.m"; path = "cordova-plugin-camera/CDVJpegHeaderWriter.m"; sourceTree = "<group>"; fileEncoding = 4; lastKnownFileType = sourcecode.c.objc; explicitFileType = undefined; includeInIndex = 0; };
		693B8153765E4E6ABA681115 /* UIImage+CropScaleOrientation.h */ = {isa = PBXFileReference; name = "UIImage+CropScaleOrientation.h"; path = "cordova-plugin-camera/UIImage+CropScaleOrientation.h"; sourceTree = "<group>"; fileEncoding = 4; lastKnownFileType = sourcecode.c.h; explicitFileType = undefined; includeInIndex = 0; };
		CC5B4FA426CE4D2BA0F48FB7 /* CDVCamera.h */ = {isa = PBXFileReference; name = "CDVCamera.h"; path = "cordova-plugin-camera/CDVCamera.h"; sourceTree = "<group>"; fileEncoding = 4; lastKnownFileType = sourcecode.c.h; explicitFileType = undefined; includeInIndex = 0; };
		12B994F759664233992178D1 /* CDVJpegHeaderWriter.h */ = {isa = PBXFileReference; name = "CDVJpegHeaderWriter.h"; path = "cordova-plugin-camera/CDVJpegHeaderWriter.h"; sourceTree = "<group>"; fileEncoding = 4; lastKnownFileType = sourcecode.c.h; explicitFileType = undefined; includeInIndex = 0; };
		1A80D0636E014CA09E08EE0D /* CDVExif.h */ = {isa = PBXFileReference; name = "CDVExif.h"; path = "cordova-plugin-camera/CDVExif.h"; sourceTree = "<group>"; fileEncoding = 4; lastKnownFileType = sourcecode.c.h; explicitFileType = undefined; includeInIndex = 0; };
		FE62BABBC49D45A7B8A9E0C6 /* ImageIO.framework */ = {isa = PBXFileReference; name = "ImageIO.framework"; path = "System/Library/Frameworks/ImageIO.framework"; sourceTree = SDKROOT; fileEncoding = undefined; lastKnownFileType = wrapper.framework; explicitFileType = undefined; includeInIndex = 0; };
		1F3EF0EB1E3445A69245E766 /* CoreLocation.framework */ = {isa = PBXFileReference; name = "CoreLocation.framework"; path = "System/Library/Frameworks/CoreLocation.framework"; sourceTree = SDKROOT; fileEncoding = undefined; lastKnownFileType = wrapper.framework; explicitFileType = undefined; includeInIndex = 0; };
		686D502420514D4C8E7B1B54 /* AVFoundation.framework */ = {isa = PBXFileReference; name = "AVFoundation.framework"; path = "System/Library/Frameworks/AVFoundation.framework"; sourceTree = SDKROOT; fileEncoding = undefined; lastKnownFileType = wrapper.framework; explicitFileType = undefined; includeInIndex = 0; };
		291B4CE2B53B4D409C631D7A /* CDVFile.m */ = {isa = PBXFileReference; name = "CDVFile.m"; path = "cordova-plugin-file/CDVFile.m"; sourceTree = "<group>"; fileEncoding = 4; lastKnownFileType = sourcecode.c.objc; explicitFileType = undefined; includeInIndex = 0; };
		69434CCEE7E24692A3D1C514 /* CDVLocalFilesystem.m */ = {isa = PBXFileReference; name = "CDVLocalFilesystem.m"; path = "cordova-plugin-file/CDVLocalFilesystem.m"; sourceTree = "<group>"; fileEncoding = 4; lastKnownFileType = sourcecode.c.objc; explicitFileType = undefined; includeInIndex = 0; };
		FEBE8B40F8004CFEAF01512C /* CDVAssetLibraryFilesystem.m */ = {isa = PBXFileReference; name = "CDVAssetLibraryFilesystem.m"; path = "cordova-plugin-file/CDVAssetLibraryFilesystem.m"; sourceTree = "<group>"; fileEncoding = 4; lastKnownFileType = sourcecode.c.objc; explicitFileType = undefined; includeInIndex = 0; };
		AE252A66D6D0421781599F28 /* CDVFile.h */ = {isa = PBXFileReference; name = "CDVFile.h"; path = "cordova-plugin-file/CDVFile.h"; sourceTree = "<group>"; fileEncoding = 4; lastKnownFileType = sourcecode.c.h; explicitFileType = undefined; includeInIndex = 0; };
		D60A8D0E502D46AD9DE3DCD3 /* CDVLocalFilesystem.h */ = {isa = PBXFileReference; name = "CDVLocalFilesystem.h"; path = "cordova-plugin-file/CDVLocalFilesystem.h"; sourceTree = "<group>"; fileEncoding = 4; lastKnownFileType = sourcecode.c.h; explicitFileType = undefined; includeInIndex = 0; };
		A26781318D3C4FD19A3B3C5B /* CDVAssetLibraryFilesystem.h */ = {isa = PBXFileReference; name = "CDVAssetLibraryFilesystem.h"; path = "cordova-plugin-file/CDVAssetLibraryFilesystem.h"; sourceTree = "<group>"; fileEncoding = 4; lastKnownFileType = sourcecode.c.h; explicitFileType = undefined; includeInIndex = 0; };
		E6D58AE4E5C94E50A3A3E50E /* CDVCapture.m */ = {isa = PBXFileReference; name = "CDVCapture.m"; path = "cordova-plugin-media-capture/CDVCapture.m"; sourceTree = "<group>"; fileEncoding = 4; lastKnownFileType = sourcecode.c.objc; explicitFileType = undefined; includeInIndex = 0; };
		10DD2A081E8F43438A51403C /* CDVCapture.h */ = {isa = PBXFileReference; name = "CDVCapture.h"; path = "cordova-plugin-media-capture/CDVCapture.h"; sourceTree = "<group>"; fileEncoding = 4; lastKnownFileType = sourcecode.c.h; explicitFileType = undefined; includeInIndex = 0; };
		4965982799C74F289DE9B111 /* CDVCapture.bundle */ = {isa = PBXFileReference; name = "CDVCapture.bundle"; path = "CDVCapture.bundle"; sourceTree = "<group>"; fileEncoding = undefined; lastKnownFileType = wrapper.plug-in; explicitFileType = undefined; includeInIndex = 0; };
		519AAD89C9CE41B7A14C15B3 /* CDVLogger.m */ = {isa = PBXFileReference; name = "CDVLogger.m"; path = "cordova-plugin-console/CDVLogger.m"; sourceTree = "<group>"; fileEncoding = 4; lastKnownFileType = sourcecode.c.objc; explicitFileType = undefined; includeInIndex = 0; };
		5DBFBA61B27C4B53801D09F3 /* CDVLogger.h */ = {isa = PBXFileReference; name = "CDVLogger.h"; path = "cordova-plugin-console/CDVLogger.h"; sourceTree = "<group>"; fileEncoding = 4; lastKnownFileType = sourcecode.c.h; explicitFileType = undefined; includeInIndex = 0; };
		0DA542215CC14051BF0B33FF /* CDVContacts.m */ = {isa = PBXFileReference; name = "CDVContacts.m"; path = "cordova-plugin-contacts/CDVContacts.m"; sourceTree = "<group>"; fileEncoding = 4; lastKnownFileType = sourcecode.c.objc; explicitFileType = undefined; includeInIndex = 0; };
		4DDF3DEED61B4357866A9631 /* CDVContact.m */ = {isa = PBXFileReference; name = "CDVContact.m"; path = "cordova-plugin-contacts/CDVContact.m"; sourceTree = "<group>"; fileEncoding = 4; lastKnownFileType = sourcecode.c.objc; explicitFileType = undefined; includeInIndex = 0; };
		6021406B5F43402AAB593275 /* CDVContacts.h */ = {isa = PBXFileReference; name = "CDVContacts.h"; path = "cordova-plugin-contacts/CDVContacts.h"; sourceTree = "<group>"; fileEncoding = 4; lastKnownFileType = sourcecode.c.h; explicitFileType = undefined; includeInIndex = 0; };
		73A894FA3C3D4541A25D3777 /* CDVContact.h */ = {isa = PBXFileReference; name = "CDVContact.h"; path = "cordova-plugin-contacts/CDVContact.h"; sourceTree = "<group>"; fileEncoding = 4; lastKnownFileType = sourcecode.c.h; explicitFileType = undefined; includeInIndex = 0; };
		D4C5CD1FA5624C19B1996171 /* AddressBook.framework */ = {isa = PBXFileReference; name = "AddressBook.framework"; path = "System/Library/Frameworks/AddressBook.framework"; sourceTree = SDKROOT; fileEncoding = undefined; lastKnownFileType = wrapper.framework; explicitFileType = undefined; includeInIndex = 0; };
		7B892D0DD26740AD8375A243 /* AddressBookUI.framework */ = {isa = PBXFileReference; name = "AddressBookUI.framework"; path = "System/Library/Frameworks/AddressBookUI.framework"; sourceTree = SDKROOT; fileEncoding = undefined; lastKnownFileType = wrapper.framework; explicitFileType = undefined; includeInIndex = 0; };
		4EBCE7EA2B504992A25CDDAF /* CDVDevice.m */ = {isa = PBXFileReference; name = "CDVDevice.m"; path = "cordova-plugin-device/CDVDevice.m"; sourceTree = "<group>"; fileEncoding = 4; lastKnownFileType = sourcecode.c.objc; explicitFileType = undefined; includeInIndex = 0; };
		8A8E1515CDF64E6DAA712426 /* CDVDevice.h */ = {isa = PBXFileReference; name = "CDVDevice.h"; path = "cordova-plugin-device/CDVDevice.h"; sourceTree = "<group>"; fileEncoding = 4; lastKnownFileType = sourcecode.c.h; explicitFileType = undefined; includeInIndex = 0; };
		FF17D369E509444AB30CA024 /* CDVAccelerometer.m */ = {isa = PBXFileReference; name = "CDVAccelerometer.m"; path = "cordova-plugin-device-motion/CDVAccelerometer.m"; sourceTree = "<group>"; fileEncoding = 4; lastKnownFileType = sourcecode.c.objc; explicitFileType = undefined; includeInIndex = 0; };
		8676B188405B417C84BF5A09 /* CDVAccelerometer.h */ = {isa = PBXFileReference; name = "CDVAccelerometer.h"; path = "cordova-plugin-device-motion/CDVAccelerometer.h"; sourceTree = "<group>"; fileEncoding = 4; lastKnownFileType = sourcecode.c.h; explicitFileType = undefined; includeInIndex = 0; };
		FCF844506C734CE499A5BEA7 /* CoreMotion.framework */ = {isa = PBXFileReference; name = "CoreMotion.framework"; path = "System/Library/Frameworks/CoreMotion.framework"; sourceTree = SDKROOT; fileEncoding = undefined; lastKnownFileType = wrapper.framework; explicitFileType = undefined; includeInIndex = 0; };
		F3C024FF968A448A8271F845 /* CDVCompass.m */ = {isa = PBXFileReference; name = "CDVCompass.m"; path = "cordova-plugin-device-orientation/CDVCompass.m"; sourceTree = "<group>"; fileEncoding = 4; lastKnownFileType = sourcecode.c.objc; explicitFileType = undefined; includeInIndex = 0; };
		AFB5BCE0B1084E16B5E7E3F6 /* CDVCompass.h */ = {isa = PBXFileReference; name = "CDVCompass.h"; path = "cordova-plugin-device-orientation/CDVCompass.h"; sourceTree = "<group>"; fileEncoding = 4; lastKnownFileType = sourcecode.c.h; explicitFileType = undefined; includeInIndex = 0; };
		C81ABBDCFF1B410DA9F3312B /* CDVNotification.m */ = {isa = PBXFileReference; name = "CDVNotification.m"; path = "cordova-plugin-dialogs/CDVNotification.m"; sourceTree = "<group>"; fileEncoding = 4; lastKnownFileType = sourcecode.c.objc; explicitFileType = undefined; includeInIndex = 0; };
		BABB5DA1ACF94B139ABD321A /* CDVNotification.h */ = {isa = PBXFileReference; name = "CDVNotification.h"; path = "cordova-plugin-dialogs/CDVNotification.h"; sourceTree = "<group>"; fileEncoding = 4; lastKnownFileType = sourcecode.c.h; explicitFileType = undefined; includeInIndex = 0; };
		41969F0BCF8A40BBB2247B3D /* CDVNotification.bundle */ = {isa = PBXFileReference; name = "CDVNotification.bundle"; path = "CDVNotification.bundle"; sourceTree = "<group>"; fileEncoding = undefined; lastKnownFileType = wrapper.plug-in; explicitFileType = undefined; includeInIndex = 0; };
		B22757B0B478443B85383B15 /* AudioToolbox.framework */ = {isa = PBXFileReference; name = "AudioToolbox.framework"; path = "System/Library/Frameworks/AudioToolbox.framework"; sourceTree = SDKROOT; fileEncoding = undefined; lastKnownFileType = wrapper.framework; explicitFileType = undefined; includeInIndex = 0; };
		0B44BC7C21E7463DA853354A /* CDVFileTransfer.m */ = {isa = PBXFileReference; name = "CDVFileTransfer.m"; path = "cordova-plugin-file-transfer/CDVFileTransfer.m"; sourceTree = "<group>"; fileEncoding = 4; lastKnownFileType = sourcecode.c.objc; explicitFileType = undefined; includeInIndex = 0; };
		B806093D5D064BC5B9332892 /* CDVFileTransfer.h */ = {isa = PBXFileReference; name = "CDVFileTransfer.h"; path = "cordova-plugin-file-transfer/CDVFileTransfer.h"; sourceTree = "<group>"; fileEncoding = 4; lastKnownFileType = sourcecode.c.h; explicitFileType = undefined; includeInIndex = 0; };
		34D230A456AD4C038F640EE3 /* CDVLocation.m */ = {isa = PBXFileReference; name = "CDVLocation.m"; path = "cordova-plugin-geolocation/CDVLocation.m"; sourceTree = "<group>"; fileEncoding = 4; lastKnownFileType = sourcecode.c.objc; explicitFileType = undefined; includeInIndex = 0; };
		BE9293A4163D4D7CA422DB60 /* CDVLocation.h */ = {isa = PBXFileReference; name = "CDVLocation.h"; path = "cordova-plugin-geolocation/CDVLocation.h"; sourceTree = "<group>"; fileEncoding = 4; lastKnownFileType = sourcecode.c.h; explicitFileType = undefined; includeInIndex = 0; };
		D9C32F413B854BCCABCBC43F /* CDVGlobalization.m */ = {isa = PBXFileReference; name = "CDVGlobalization.m"; path = "cordova-plugin-globalization/CDVGlobalization.m"; sourceTree = "<group>"; fileEncoding = 4; lastKnownFileType = sourcecode.c.objc; explicitFileType = undefined; includeInIndex = 0; };
		DBD81E7B86134796AA561BB2 /* CDVGlobalization.h */ = {isa = PBXFileReference; name = "CDVGlobalization.h"; path = "cordova-plugin-globalization/CDVGlobalization.h"; sourceTree = "<group>"; fileEncoding = 4; lastKnownFileType = sourcecode.c.h; explicitFileType = undefined; includeInIndex = 0; };
		C289C30F691E485BA796772F /* CDVInAppBrowser.m */ = {isa = PBXFileReference; name = "CDVInAppBrowser.m"; path = "cordova-plugin-inappbrowser/CDVInAppBrowser.m"; sourceTree = "<group>"; fileEncoding = 4; lastKnownFileType = sourcecode.c.objc; explicitFileType = undefined; includeInIndex = 0; };
		E47DD18CA8754C53A299E2C4 /* CDVInAppBrowser.h */ = {isa = PBXFileReference; name = "CDVInAppBrowser.h"; path = "cordova-plugin-inappbrowser/CDVInAppBrowser.h"; sourceTree = "<group>"; fileEncoding = 4; lastKnownFileType = sourcecode.c.h; explicitFileType = undefined; includeInIndex = 0; };
		D9FCA316989546739052B9E0 /* CDVSound.m */ = {isa = PBXFileReference; name = "CDVSound.m"; path = "cordova-plugin-media/CDVSound.m"; sourceTree = "<group>"; fileEncoding = 4; lastKnownFileType = sourcecode.c.objc; explicitFileType = undefined; includeInIndex = 0; };
		A9E514F5B51E4A8F922F43CD /* CDVSound.h */ = {isa = PBXFileReference; name = "CDVSound.h"; path = "cordova-plugin-media/CDVSound.h"; sourceTree = "<group>"; fileEncoding = 4; lastKnownFileType = sourcecode.c.h; explicitFileType = undefined; includeInIndex = 0; };
		2EC24D10266D4328ADBAFC2F /* CDVConnection.m */ = {isa = PBXFileReference; name = "CDVConnection.m"; path = "cordova-plugin-network-information/CDVConnection.m"; sourceTree = "<group>"; fileEncoding = 4; lastKnownFileType = sourcecode.c.objc; explicitFileType = undefined; includeInIndex = 0; };
		7E9D0600362D40B499269A3E /* CDVReachability.m */ = {isa = PBXFileReference; name = "CDVReachability.m"; path = "cordova-plugin-network-information/CDVReachability.m"; sourceTree = "<group>"; fileEncoding = 4; lastKnownFileType = sourcecode.c.objc; explicitFileType = undefined; includeInIndex = 0; };
		C324BEEA2E874C60ADAE0810 /* CDVConnection.h */ = {isa = PBXFileReference; name = "CDVConnection.h"; path = "cordova-plugin-network-information/CDVConnection.h"; sourceTree = "<group>"; fileEncoding = 4; lastKnownFileType = sourcecode.c.h; explicitFileType = undefined; includeInIndex = 0; };
		C7903715BBC04C3DB81EF651 /* CDVReachability.h */ = {isa = PBXFileReference; name = "CDVReachability.h"; path = "cordova-plugin-network-information/CDVReachability.h"; sourceTree = "<group>"; fileEncoding = 4; lastKnownFileType = sourcecode.c.h; explicitFileType = undefined; includeInIndex = 0; };
		8546E92A65FF40458F86B5EB /* SystemConfiguration.framework */ = {isa = PBXFileReference; name = "SystemConfiguration.framework"; path = "System/Library/Frameworks/SystemConfiguration.framework"; sourceTree = SDKROOT; fileEncoding = undefined; lastKnownFileType = wrapper.framework; explicitFileType = undefined; includeInIndex = 0; };
		D778622044034E9FAF2B7DB8 /* CoreTelephony.framework */ = {isa = PBXFileReference; name = "CoreTelephony.framework"; path = "System/Library/Frameworks/CoreTelephony.framework"; sourceTree = SDKROOT; fileEncoding = undefined; lastKnownFileType = wrapper.framework; explicitFileType = undefined; includeInIndex = 0; };
		246299F744AB4CE0BDDAABF5 /* CDVSplashScreen.m */ = {isa = PBXFileReference; name = "CDVSplashScreen.m"; path = "cordova-plugin-splashscreen/CDVSplashScreen.m"; sourceTree = "<group>"; fileEncoding = 4; lastKnownFileType = sourcecode.c.objc; explicitFileType = undefined; includeInIndex = 0; };
		4CAA2232506F4DA89D22C080 /* CDVViewController+SplashScreen.m */ = {isa = PBXFileReference; name = "CDVViewController+SplashScreen.m"; path = "cordova-plugin-splashscreen/CDVViewController+SplashScreen.m"; sourceTree = "<group>"; fileEncoding = 4; lastKnownFileType = sourcecode.c.objc; explicitFileType = undefined; includeInIndex = 0; };
		88AF66BA21E64F8F8B328F80 /* CDVSplashScreen.h */ = {isa = PBXFileReference; name = "CDVSplashScreen.h"; path = "cordova-plugin-splashscreen/CDVSplashScreen.h"; sourceTree = "<group>"; fileEncoding = 4; lastKnownFileType = sourcecode.c.h; explicitFileType = undefined; includeInIndex = 0; };
		37E6D8B246B440B3ABDD7CE5 /* CDVViewController+SplashScreen.h */ = {isa = PBXFileReference; name = "CDVViewController+SplashScreen.h"; path = "cordova-plugin-splashscreen/CDVViewController+SplashScreen.h"; sourceTree = "<group>"; fileEncoding = 4; lastKnownFileType = sourcecode.c.h; explicitFileType = undefined; includeInIndex = 0; };
		85C47E7120FB4720998E2FF8 /* CDVStatusBar.m */ = {isa = PBXFileReference; name = "CDVStatusBar.m"; path = "cordova-plugin-statusbar/CDVStatusBar.m"; sourceTree = "<group>"; fileEncoding = 4; lastKnownFileType = sourcecode.c.objc; explicitFileType = undefined; includeInIndex = 0; };
		93AB5F0ACA094D248E1FF8DD /* CDVStatusBar.h */ = {isa = PBXFileReference; name = "CDVStatusBar.h"; path = "cordova-plugin-statusbar/CDVStatusBar.h"; sourceTree = "<group>"; fileEncoding = 4; lastKnownFileType = sourcecode.c.h; explicitFileType = undefined; includeInIndex = 0; };
		B87F6B8A231B471BBD0925D4 /* CDVVibration.m */ = {isa = PBXFileReference; name = "CDVVibration.m"; path = "cordova-plugin-vibration/CDVVibration.m"; sourceTree = "<group>"; fileEncoding = 4; lastKnownFileType = sourcecode.c.objc; explicitFileType = undefined; includeInIndex = 0; };
		5D14CA2480B64A189AD04206 /* CDVVibration.h */ = {isa = PBXFileReference; name = "CDVVibration.h"; path = "cordova-plugin-vibration/CDVVibration.h"; sourceTree = "<group>"; fileEncoding = 4; lastKnownFileType = sourcecode.c.h; explicitFileType = undefined; includeInIndex = 0; };
		525DDBFE5AD04D1989F34E9F /* CDVPhonegapBuildOauth.m */ = {isa = PBXFileReference; name = "CDVPhonegapBuildOauth.m"; path = "com.phonegap.build.oauth/CDVPhonegapBuildOauth.m"; sourceTree = "<group>"; fileEncoding = 4; lastKnownFileType = sourcecode.c.objc; explicitFileType = undefined; includeInIndex = 0; };
		993B72CE8C5E4E26A7679B8F /* CDVPhonegapBuildOauth.h */ = {isa = PBXFileReference; name = "CDVPhonegapBuildOauth.h"; path = "com.phonegap.build.oauth/CDVPhonegapBuildOauth.h"; sourceTree = "<group>"; fileEncoding = 4; lastKnownFileType = sourcecode.c.h; explicitFileType = undefined; includeInIndex = 0; };
/* End PBXFileReference section */

/* Begin PBXFrameworksBuildPhase section */
		1D60588F0D05DD3D006BFB54 /* Frameworks */ = {
			isa = PBXFrameworksBuildPhase;
			buildActionMask = 2147483647;
			files = (
				301BF552109A68D80062928A /* libCordova.a in Frameworks */,
				44440EC84AD54EFD846E2394 /* ImageIO.framework in Frameworks */,
				528294BC3DFF4C199CB73324 /* CoreLocation.framework in Frameworks */,
				A2B359AF23A74E0ABDA07376 /* AVFoundation.framework in Frameworks */,
				8CC1FE6B2B0D48C6B7E51DCB /* AddressBook.framework in Frameworks */,
				1BD0568241ED4FD9808FCA19 /* AddressBookUI.framework in Frameworks */,
				75430268CFF442248C39A461 /* CoreMotion.framework in Frameworks */,
				10430BA520764B3FBCF42776 /* AudioToolbox.framework in Frameworks */,
				4865F7F7CAC64BB8931D765E /* SystemConfiguration.framework in Frameworks */,
				43CE5BB1515942DB8A23C3F8 /* CoreTelephony.framework in Frameworks */,
			);
			runOnlyForDeploymentPostprocessing = 0;
		};
/* End PBXFrameworksBuildPhase section */

/* Begin PBXGroup section */
		080E96DDFE201D6D7F000001 /* Classes */ = {
			isa = PBXGroup;
			children = (
				302D95EE14D2391D003F00A1 /* MainViewController.h */,
				302D95EF14D2391D003F00A1 /* MainViewController.m */,
				302D95F014D2391D003F00A1 /* MainViewController.xib */,
				1D3623240D0F684500981E51 /* AppDelegate.h */,
				1D3623250D0F684500981E51 /* AppDelegate.m */,
			);
			name = Classes;
			path = "PhoneGap Build/Classes";
			sourceTree = SOURCE_ROOT;
		};
		19C28FACFE9D520D11CA2CBB /* Products */ = {
			isa = PBXGroup;
			children = (
				1D6058910D05DD3D006BFB54 /* PhoneGap Build.app */,
			);
			name = Products;
			sourceTree = "<group>";
		};
		29B97314FDCFA39411CA2CEA /* CustomTemplate */ = {
			isa = PBXGroup;
			children = (
				EB87FDF41871DAF40020F90C /* config.xml */,
				EB87FDF31871DA8E0020F90C /* www */,
				EB87FDF11871DA420020F90C /* Staging */,
				301BF52D109A57CC0062928A /* CordovaLib.xcodeproj */,
				080E96DDFE201D6D7F000001 /* Classes */,
				307C750510C5A3420062BCA9 /* Plugins */,
				29B97315FDCFA39411CA2CEA /* Other Sources */,
				29B97317FDCFA39411CA2CEA /* Resources */,
				29B97323FDCFA39411CA2CEA /* Frameworks */,
				19C28FACFE9D520D11CA2CBB /* Products */,
			);
			name = CustomTemplate;
			sourceTree = "<group>";
		};
		29B97315FDCFA39411CA2CEA /* Other Sources */ = {
			isa = PBXGroup;
			children = (
				32CA4F630368D1EE00C91783 /* PhoneGap Build-Prefix.pch */,
				29B97316FDCFA39411CA2CEA /* main.m */,
				ED33DF2A687741AEAF9F8254 /* Bridging-Header.h */,
			);
			name = "Other Sources";
			path = "PhoneGap Build";
			sourceTree = "<group>";
		};
		29B97317FDCFA39411CA2CEA /* Resources */ = {
			isa = PBXGroup;
			children = (
				0207DA571B56EA530066E2B4 /* Images.xcassets */,
				3047A50E1AB8057F00498E2A /* config */,
				8D1107310486CEB800E47090 /* PhoneGap Build-Info.plist */,
				4965982799C74F289DE9B111 /* CDVCapture.bundle */,
				41969F0BCF8A40BBB2247B3D /* CDVNotification.bundle */,
			);
			name = Resources;
			path = "PhoneGap Build/Resources";
			sourceTree = "<group>";
		};
		29B97323FDCFA39411CA2CEA /* Frameworks */ = {
			isa = PBXGroup;
			children = (
				FE62BABBC49D45A7B8A9E0C6 /* ImageIO.framework */,
				1F3EF0EB1E3445A69245E766 /* CoreLocation.framework */,
				686D502420514D4C8E7B1B54 /* AVFoundation.framework */,
				D4C5CD1FA5624C19B1996171 /* AddressBook.framework */,
				7B892D0DD26740AD8375A243 /* AddressBookUI.framework */,
				FCF844506C734CE499A5BEA7 /* CoreMotion.framework */,
				B22757B0B478443B85383B15 /* AudioToolbox.framework */,
				8546E92A65FF40458F86B5EB /* SystemConfiguration.framework */,
				D778622044034E9FAF2B7DB8 /* CoreTelephony.framework */,
			);
			name = Frameworks;
			sourceTree = "<group>";
		};
		301BF52E109A57CC0062928A /* Products */ = {
			isa = PBXGroup;
			children = (
				301BF535109A57CC0062928A /* libCordova.a */,
			);
			name = Products;
			sourceTree = "<group>";
		};
		3047A50E1AB8057F00498E2A /* config */ = {
			isa = PBXGroup;
			children = (
				3047A50F1AB8059700498E2A /* build-debug.xcconfig */,
				3047A5101AB8059700498E2A /* build-release.xcconfig */,
				3047A5111AB8059700498E2A /* build.xcconfig */,
			);
			name = config;
			sourceTree = "<group>";
		};
		307C750510C5A3420062BCA9 /* Plugins */ = {
			isa = PBXGroup;
			children = (
				AD9716479E264A889367038D /* CDVBattery.m */,
				52219E9D66D246C580E2526D /* CDVBattery.h */,
				987D6F3CDB0B45328701E46E /* UIImage+CropScaleOrientation.m */,
				C023F6356856495EA32DCA51 /* CDVCamera.m */,
				33AF34C3B9EA45DCB1B02CF0 /* CDVJpegHeaderWriter.m */,
				693B8153765E4E6ABA681115 /* UIImage+CropScaleOrientation.h */,
				CC5B4FA426CE4D2BA0F48FB7 /* CDVCamera.h */,
				12B994F759664233992178D1 /* CDVJpegHeaderWriter.h */,
				1A80D0636E014CA09E08EE0D /* CDVExif.h */,
				291B4CE2B53B4D409C631D7A /* CDVFile.m */,
				69434CCEE7E24692A3D1C514 /* CDVLocalFilesystem.m */,
				FEBE8B40F8004CFEAF01512C /* CDVAssetLibraryFilesystem.m */,
				AE252A66D6D0421781599F28 /* CDVFile.h */,
				D60A8D0E502D46AD9DE3DCD3 /* CDVLocalFilesystem.h */,
				A26781318D3C4FD19A3B3C5B /* CDVAssetLibraryFilesystem.h */,
				E6D58AE4E5C94E50A3A3E50E /* CDVCapture.m */,
				10DD2A081E8F43438A51403C /* CDVCapture.h */,
				519AAD89C9CE41B7A14C15B3 /* CDVLogger.m */,
				5DBFBA61B27C4B53801D09F3 /* CDVLogger.h */,
				0DA542215CC14051BF0B33FF /* CDVContacts.m */,
				4DDF3DEED61B4357866A9631 /* CDVContact.m */,
				6021406B5F43402AAB593275 /* CDVContacts.h */,
				73A894FA3C3D4541A25D3777 /* CDVContact.h */,
				4EBCE7EA2B504992A25CDDAF /* CDVDevice.m */,
				8A8E1515CDF64E6DAA712426 /* CDVDevice.h */,
				FF17D369E509444AB30CA024 /* CDVAccelerometer.m */,
				8676B188405B417C84BF5A09 /* CDVAccelerometer.h */,
				F3C024FF968A448A8271F845 /* CDVCompass.m */,
				AFB5BCE0B1084E16B5E7E3F6 /* CDVCompass.h */,
				C81ABBDCFF1B410DA9F3312B /* CDVNotification.m */,
				BABB5DA1ACF94B139ABD321A /* CDVNotification.h */,
				0B44BC7C21E7463DA853354A /* CDVFileTransfer.m */,
				B806093D5D064BC5B9332892 /* CDVFileTransfer.h */,
				34D230A456AD4C038F640EE3 /* CDVLocation.m */,
				BE9293A4163D4D7CA422DB60 /* CDVLocation.h */,
				D9C32F413B854BCCABCBC43F /* CDVGlobalization.m */,
				DBD81E7B86134796AA561BB2 /* CDVGlobalization.h */,
				C289C30F691E485BA796772F /* CDVInAppBrowser.m */,
				E47DD18CA8754C53A299E2C4 /* CDVInAppBrowser.h */,
				D9FCA316989546739052B9E0 /* CDVSound.m */,
				A9E514F5B51E4A8F922F43CD /* CDVSound.h */,
				2EC24D10266D4328ADBAFC2F /* CDVConnection.m */,
				7E9D0600362D40B499269A3E /* CDVReachability.m */,
				C324BEEA2E874C60ADAE0810 /* CDVConnection.h */,
				C7903715BBC04C3DB81EF651 /* CDVReachability.h */,
				246299F744AB4CE0BDDAABF5 /* CDVSplashScreen.m */,
				4CAA2232506F4DA89D22C080 /* CDVViewController+SplashScreen.m */,
				88AF66BA21E64F8F8B328F80 /* CDVSplashScreen.h */,
				37E6D8B246B440B3ABDD7CE5 /* CDVViewController+SplashScreen.h */,
				85C47E7120FB4720998E2FF8 /* CDVStatusBar.m */,
				93AB5F0ACA094D248E1FF8DD /* CDVStatusBar.h */,
				B87F6B8A231B471BBD0925D4 /* CDVVibration.m */,
				5D14CA2480B64A189AD04206 /* CDVVibration.h */,
				525DDBFE5AD04D1989F34E9F /* CDVPhonegapBuildOauth.m */,
				993B72CE8C5E4E26A7679B8F /* CDVPhonegapBuildOauth.h */,
			);
			name = Plugins;
			path = "PhoneGap Build/Plugins";
			sourceTree = SOURCE_ROOT;
		};
		EB87FDF11871DA420020F90C /* Staging */ = {
			isa = PBXGroup;
			children = (
				F840E1F0165FE0F500CFE078 /* config.xml */,
				301BF56E109A69640062928A /* www */,
			);
			name = Staging;
			sourceTree = "<group>";
		};
/* End PBXGroup section */

/* Begin PBXNativeTarget section */
		1D6058900D05DD3D006BFB54 /* PhoneGap Build */ = {
			isa = PBXNativeTarget;
			buildConfigurationList = 1D6058960D05DD3E006BFB54 /* Build configuration list for PBXNativeTarget "PhoneGap Build" */;
			buildPhases = (
				304B58A110DAC018002A0835 /* Copy www directory */,
				1D60588D0D05DD3D006BFB54 /* Resources */,
				1D60588E0D05DD3D006BFB54 /* Sources */,
				1D60588F0D05DD3D006BFB54 /* Frameworks */,
			);
			buildRules = (
			);
			dependencies = (
				301BF551109A68C00062928A /* PBXTargetDependency */,
			);
			name = "PhoneGap Build";
			productName = "PhoneGap Build";
			productReference = 1D6058910D05DD3D006BFB54 /* PhoneGap Build.app */;
			productType = "com.apple.product-type.application";
		};
/* End PBXNativeTarget section */

/* Begin PBXProject section */
		29B97313FDCFA39411CA2CEA /* Project object */ = {
			isa = PBXProject;
			attributes = {
				LastUpgradeCheck = 510;
			};
			buildConfigurationList = C01FCF4E08A954540054247B /* Build configuration list for PBXProject "__NON-CLI__" */;
			compatibilityVersion = "Xcode 3.2";
			developmentRegion = English;
			hasScannedForEncodings = 1;
			mainGroup = 29B97314FDCFA39411CA2CEA /* CustomTemplate */;
			projectDirPath = "";
			projectReferences = (
				{
					ProductGroup = 301BF52E109A57CC0062928A /* Products */;
					ProjectRef = 301BF52D109A57CC0062928A /* CordovaLib.xcodeproj */;
				},
			);
			projectRoot = "";
			targets = (
				1D6058900D05DD3D006BFB54 /* PhoneGap Build */,
			);
		};
/* End PBXProject section */

/* Begin PBXReferenceProxy section */
		301BF535109A57CC0062928A /* libCordova.a */ = {
			isa = PBXReferenceProxy;
			fileType = archive.ar;
			path = libCordova.a;
			remoteRef = 301BF534109A57CC0062928A /* PBXContainerItemProxy */;
			sourceTree = BUILT_PRODUCTS_DIR;
		};
/* End PBXReferenceProxy section */

/* Begin PBXResourcesBuildPhase section */
		1D60588D0D05DD3D006BFB54 /* Resources */ = {
			isa = PBXResourcesBuildPhase;
			buildActionMask = 2147483647;
			files = (
				302D95F214D2391D003F00A1 /* MainViewController.xib in Resources */,
				3047A5131AB8059700498E2A /* build-release.xcconfig in Resources */,
				3047A5141AB8059700498E2A /* build.xcconfig in Resources */,
				0207DA581B56EA530066E2B4 /* Images.xcassets in Resources */,
				3047A5121AB8059700498E2A /* build-debug.xcconfig in Resources */,
				01AC84DFACD14D65B2D15A25 /* CDVCapture.bundle in Resources */,
				07FDB9239BB3418890D767B7 /* CDVNotification.bundle in Resources */,
			);
			runOnlyForDeploymentPostprocessing = 0;
		};
/* End PBXResourcesBuildPhase section */

/* Begin PBXShellScriptBuildPhase section */
		304B58A110DAC018002A0835 /* Copy www directory */ = {
			isa = PBXShellScriptBuildPhase;
			buildActionMask = 2147483647;
			files = (
			);
			inputPaths = (
			);
			name = "Copy www directory";
			outputPaths = (
			);
			runOnlyForDeploymentPostprocessing = 0;
			shellPath = /bin/sh;
			shellScript = "NODEJS_PATH=/usr/local/bin; NVM_NODE_PATH=~/.nvm/versions/node/`nvm version 2>/dev/null`/bin; N_NODE_PATH=`find /usr/local/n/versions/node/* -maxdepth 0 -type d 2>/dev/null | tail -1`/bin; XCODE_NODE_PATH=`xcode-select --print-path`/usr/share/xcs/Node/bin; PATH=$NODEJS_PATH:$NVM_NODE_PATH:$N_NODE_PATH:$XCODE_NODE_PATH:$PATH && node cordova/lib/copy-www-build-step.js";
			showEnvVarsInLog = 0;
		};
/* End PBXShellScriptBuildPhase section */

/* Begin PBXSourcesBuildPhase section */
		1D60588E0D05DD3D006BFB54 /* Sources */ = {
			isa = PBXSourcesBuildPhase;
			buildActionMask = 2147483647;
			files = (
				1D60589B0D05DD56006BFB54 /* main.m in Sources */,
				1D3623260D0F684500981E51 /* AppDelegate.m in Sources */,
				302D95F114D2391D003F00A1 /* MainViewController.m in Sources */,
				2F3F7EF11704483C83943FF8 /* CDVBattery.m in Sources */,
				AFCDBA86D00243C9A799EBDF /* UIImage+CropScaleOrientation.m in Sources */,
				6D919143FD9E481DA10770BB /* CDVCamera.m in Sources */,
				2B54D3ED0F3943D7ACAC7D92 /* CDVJpegHeaderWriter.m in Sources */,
				375C7D9FC1194237B45F8268 /* CDVFile.m in Sources */,
				C6A0021A73944089B01B49FF /* CDVLocalFilesystem.m in Sources */,
				521B614524AC45398696A1E2 /* CDVAssetLibraryFilesystem.m in Sources */,
				0459706C3FBC4C5DB4F0E76A /* CDVCapture.m in Sources */,
				35231272DD004EA98AF80093 /* CDVLogger.m in Sources */,
				0E871CA75F2A4FB8A54AE92F /* CDVContacts.m in Sources */,
				50761A0524044E8899A12850 /* CDVContact.m in Sources */,
				12062174C3084DB9AA495067 /* CDVDevice.m in Sources */,
				353DAB6F38104192A77BD196 /* CDVAccelerometer.m in Sources */,
				8F97647751AA4EA387D7BAEE /* CDVCompass.m in Sources */,
				4B3E302910B743F8B5F72163 /* CDVNotification.m in Sources */,
				476009B53DA44E62B126A0FA /* CDVFileTransfer.m in Sources */,
				019279E4B4B343E683672B79 /* CDVLocation.m in Sources */,
				C1E4C4FE7F074BD98B786AD0 /* CDVGlobalization.m in Sources */,
				1A1F961586284FC9895F9D86 /* CDVInAppBrowser.m in Sources */,
				96BB97765725464C868386E1 /* CDVSound.m in Sources */,
				C92E6A745A3F4AD493E1987F /* CDVConnection.m in Sources */,
				FCE5071F451142609EA4C32B /* CDVReachability.m in Sources */,
				74E195427A9746188EDD2F1F /* CDVSplashScreen.m in Sources */,
				1FA5DACB499B472D907E3592 /* CDVViewController+SplashScreen.m in Sources */,
				489747E66E924BFCBF27CB84 /* CDVStatusBar.m in Sources */,
				6EA625068DD54772B193E895 /* CDVVibration.m in Sources */,
				529B91F57A41406089749996 /* CDVPhonegapBuildOauth.m in Sources */,
			);
			runOnlyForDeploymentPostprocessing = 0;
		};
/* End PBXSourcesBuildPhase section */

/* Begin PBXTargetDependency section */
		301BF551109A68C00062928A /* PBXTargetDependency */ = {
			isa = PBXTargetDependency;
			name = CordovaLib;
			targetProxy = 301BF550109A68C00062928A /* PBXContainerItemProxy */;
		};
/* End PBXTargetDependency section */

/* Begin XCBuildConfiguration section */
		1D6058940D05DD3E006BFB54 /* Debug */ = {
			isa = XCBuildConfiguration;
			baseConfigurationReference = 3047A50F1AB8059700498E2A /* build-debug.xcconfig */;
			buildSettings = {
				ALWAYS_SEARCH_USER_PATHS = NO;
				ASSETCATALOG_COMPILER_APPICON_NAME = AppIcon;
				ASSETCATALOG_COMPILER_LAUNCHIMAGE_NAME = LaunchImage;
				CLANG_ENABLE_MODULES = YES;
				CLANG_ENABLE_OBJC_ARC = YES;
				COPY_PHASE_STRIP = NO;
				GCC_DYNAMIC_NO_PIC = NO;
				GCC_OPTIMIZATION_LEVEL = 0;
				GCC_PRECOMPILE_PREFIX_HEADER = YES;
				GCC_PREFIX_HEADER = "PhoneGap Build/PhoneGap Build-Prefix.pch";
				GCC_THUMB_SUPPORT = NO;
				GCC_VERSION = "";
				INFOPLIST_FILE = "PhoneGap Build/PhoneGap Build-Info.plist";
				LD_RUNPATH_SEARCH_PATHS = "@executable_path/Frameworks";
				PRODUCT_NAME = "PhoneGap Build";
			};
			name = Debug;
		};
		1D6058950D05DD3E006BFB54 /* Release */ = {
			isa = XCBuildConfiguration;
			baseConfigurationReference = 3047A5101AB8059700498E2A /* build-release.xcconfig */;
			buildSettings = {
				ALWAYS_SEARCH_USER_PATHS = NO;
				ASSETCATALOG_COMPILER_APPICON_NAME = AppIcon;
				ASSETCATALOG_COMPILER_LAUNCHIMAGE_NAME = LaunchImage;
				CLANG_ENABLE_MODULES = YES;
				CLANG_ENABLE_OBJC_ARC = YES;
				COPY_PHASE_STRIP = YES;
				GCC_PRECOMPILE_PREFIX_HEADER = YES;
				GCC_PREFIX_HEADER = "PhoneGap Build/PhoneGap Build-Prefix.pch";
				GCC_THUMB_SUPPORT = NO;
				GCC_VERSION = "";
				INFOPLIST_FILE = "PhoneGap Build/PhoneGap Build-Info.plist";
				PRODUCT_NAME = "PhoneGap Build";
			};
			name = Release;
		};
		C01FCF4F08A954540054247B /* Debug */ = {
			isa = XCBuildConfiguration;
			baseConfigurationReference = 3047A5111AB8059700498E2A /* build.xcconfig */;
			buildSettings = {
				CLANG_ENABLE_MODULES = YES;
				CLANG_ENABLE_OBJC_ARC = YES;
				CLANG_WARN_BOOL_CONVERSION = YES;
				CLANG_WARN_CONSTANT_CONVERSION = YES;
				CLANG_WARN_EMPTY_BODY = YES;
				CLANG_WARN_ENUM_CONVERSION = YES;
				CLANG_WARN_INT_CONVERSION = YES;
				CLANG_WARN__DUPLICATE_METHOD_MATCH = YES;
				GCC_C_LANGUAGE_STANDARD = c99;
				GCC_THUMB_SUPPORT = NO;
				GCC_VERSION = "";
				GCC_WARN_ABOUT_RETURN_TYPE = YES;
				GCC_WARN_UNDECLARED_SELECTOR = YES;
				GCC_WARN_UNINITIALIZED_AUTOS = YES;
				GCC_WARN_UNUSED_FUNCTION = YES;
				GCC_WARN_UNUSED_VARIABLE = YES;
				ONLY_ACTIVE_ARCH = YES;
				SDKROOT = iphoneos;
				SKIP_INSTALL = NO;
			};
			name = Debug;
		};
		C01FCF5008A954540054247B /* Release */ = {
			isa = XCBuildConfiguration;
			baseConfigurationReference = 3047A5111AB8059700498E2A /* build.xcconfig */;
			buildSettings = {
				CLANG_ENABLE_MODULES = YES;
				CLANG_ENABLE_OBJC_ARC = YES;
				CLANG_WARN_BOOL_CONVERSION = YES;
				CLANG_WARN_CONSTANT_CONVERSION = YES;
				CLANG_WARN_EMPTY_BODY = YES;
				CLANG_WARN_ENUM_CONVERSION = YES;
				CLANG_WARN_INT_CONVERSION = YES;
				CLANG_WARN__DUPLICATE_METHOD_MATCH = YES;
				GCC_C_LANGUAGE_STANDARD = c99;
				GCC_THUMB_SUPPORT = NO;
				GCC_VERSION = "";
				GCC_WARN_ABOUT_RETURN_TYPE = YES;
				GCC_WARN_UNDECLARED_SELECTOR = YES;
				GCC_WARN_UNINITIALIZED_AUTOS = YES;
				GCC_WARN_UNUSED_FUNCTION = YES;
				GCC_WARN_UNUSED_VARIABLE = YES;
				SDKROOT = iphoneos;
				SKIP_INSTALL = NO;
			};
			name = Release;
		};
/* End XCBuildConfiguration section */

/* Begin XCConfigurationList section */
		1D6058960D05DD3E006BFB54 /* Build configuration list for PBXNativeTarget "PhoneGap Build" */ = {
			isa = XCConfigurationList;
			buildConfigurations = (
				1D6058940D05DD3E006BFB54 /* Debug */,
				1D6058950D05DD3E006BFB54 /* Release */,
			);
			defaultConfigurationIsVisible = 0;
			defaultConfigurationName = Release;
		};
		C01FCF4E08A954540054247B /* Build configuration list for PBXProject "__NON-CLI__" */ = {
			isa = XCConfigurationList;
			buildConfigurations = (
				C01FCF4F08A954540054247B /* Debug */,
				C01FCF5008A954540054247B /* Release */,
			);
			defaultConfigurationIsVisible = 0;
			defaultConfigurationName = Release;
		};
/* End XCConfigurationList section */
	};
	rootObject = 29B97313FDCFA39411CA2CEA /* Project object */;
}
